// !$*UTF8*$!
{
	archiveVersion = 1;
	classes = {
	};
	objectVersion = 48;
	objects = {

/* Begin PBXBuildFile section */
		13B7C1AC2075ECF9001A38AE /* AppDelegate.swift in Sources */ = {isa = PBXBuildFile; fileRef = 13B7C1AB2075ECF9001A38AE /* AppDelegate.swift */; };
		13B7C1AE2075ECF9001A38AE /* ViewController.swift in Sources */ = {isa = PBXBuildFile; fileRef = 13B7C1AD2075ECF9001A38AE /* ViewController.swift */; };
		13B7C1B12075ECF9001A38AE /* Main.storyboard in Resources */ = {isa = PBXBuildFile; fileRef = 13B7C1AF2075ECF9001A38AE /* Main.storyboard */; };
		13B7C1B32075ECF9001A38AE /* Assets.xcassets in Resources */ = {isa = PBXBuildFile; fileRef = 13B7C1B22075ECF9001A38AE /* Assets.xcassets */; };
		13B7C1B62075ECF9001A38AE /* LaunchScreen.storyboard in Resources */ = {isa = PBXBuildFile; fileRef = 13B7C1B42075ECF9001A38AE /* LaunchScreen.storyboard */; };
		13B7C1C32075F1B5001A38AE /* frame3.png in Resources */ = {isa = PBXBuildFile; fileRef = 13B7C1BE2075F1B4001A38AE /* frame3.png */; };
		13B7C1C42075F1B5001A38AE /* frame2.png in Resources */ = {isa = PBXBuildFile; fileRef = 13B7C1BF2075F1B4001A38AE /* frame2.png */; };
		13B7C1C52075F1B5001A38AE /* frame1.png in Resources */ = {isa = PBXBuildFile; fileRef = 13B7C1C02075F1B4001A38AE /* frame1.png */; };
		13B7C1C62075F1B5001A38AE /* frame4.png in Resources */ = {isa = PBXBuildFile; fileRef = 13B7C1C12075F1B5001A38AE /* frame4.png */; };
		13B7C1C72075F1B5001A38AE /* frame5.png in Resources */ = {isa = PBXBuildFile; fileRef = 13B7C1C22075F1B5001A38AE /* frame5.png */; };
/* End PBXBuildFile section */

/* Begin PBXFileReference section */
		13B7C1A82075ECF9001A38AE /* Ailen_Animation_Time.app */ = {isa = PBXFileReference; explicitFileType = wrapper.application; includeInIndex = 0; path = Ailen_Animation_Time.app; sourceTree = BUILT_PRODUCTS_DIR; };
		13B7C1AB2075ECF9001A38AE /* AppDelegate.swift */ = {isa = PBXFileReference; lastKnownFileType = sourcecode.swift; path = AppDelegate.swift; sourceTree = "<group>"; };
		13B7C1AD2075ECF9001A38AE /* ViewController.swift */ = {isa = PBXFileReference; lastKnownFileType = sourcecode.swift; path = ViewController.swift; sourceTree = "<group>"; };
		13B7C1B02075ECF9001A38AE /* Base */ = {isa = PBXFileReference; lastKnownFileType = file.storyboard; name = Base; path = Base.lproj/Main.storyboard; sourceTree = "<group>"; };
		13B7C1B22075ECF9001A38AE /* Assets.xcassets */ = {isa = PBXFileReference; lastKnownFileType = folder.assetcatalog; path = Assets.xcassets; sourceTree = "<group>"; };
		13B7C1B52075ECF9001A38AE /* Base */ = {isa = PBXFileReference; lastKnownFileType = file.storyboard; name = Base; path = Base.lproj/LaunchScreen.storyboard; sourceTree = "<group>"; };
		13B7C1B72075ECF9001A38AE /* Info.plist */ = {isa = PBXFileReference; lastKnownFileType = text.plist.xml; path = Info.plist; sourceTree = "<group>"; };
		13B7C1BE2075F1B4001A38AE /* frame3.png */ = {isa = PBXFileReference; lastKnownFileType = image.png; path = frame3.png; sourceTree = "<group>"; };
		13B7C1BF2075F1B4001A38AE /* frame2.png */ = {isa = PBXFileReference; lastKnownFileType = image.png; path = frame2.png; sourceTree = "<group>"; };
		13B7C1C02075F1B4001A38AE /* frame1.png */ = {isa = PBXFileReference; lastKnownFileType = image.png; path = frame1.png; sourceTree = "<group>"; };
		13B7C1C12075F1B5001A38AE /* frame4.png */ = {isa = PBXFileReference; lastKnownFileType = image.png; path = frame4.png; sourceTree = "<group>"; };
		13B7C1C22075F1B5001A38AE /* frame5.png */ = {isa = PBXFileReference; lastKnownFileType = image.png; path = frame5.png; sourceTree = "<group>"; };
/* End PBXFileReference section */

/* Begin PBXFrameworksBuildPhase section */
		13B7C1A52075ECF9001A38AE /* Frameworks */ = {
			isa = PBXFrameworksBuildPhase;
			buildActionMask = 2147483647;
			files = (
			);
			runOnlyForDeploymentPostprocessing = 0;
		};
/* End PBXFrameworksBuildPhase section */

/* Begin PBXGroup section */
		13B7C19F2075ECF9001A38AE = {
			isa = PBXGroup;
			children = (
				13B7C1AA2075ECF9001A38AE /* Ailen_Animation_Time */,
				13B7C1A92075ECF9001A38AE /* Products */,
			);
			sourceTree = "<group>";
		};
		13B7C1A92075ECF9001A38AE /* Products */ = {
			isa = PBXGroup;
			children = (
				13B7C1A82075ECF9001A38AE /* Ailen_Animation_Time.app */,
			);
			name = Products;
			sourceTree = "<group>";
		};
		13B7C1AA2075ECF9001A38AE /* Ailen_Animation_Time */ = {
			isa = PBXGroup;
			children = (
				13B7C1BD2075F18D001A38AE /* image */,
				13B7C1AB2075ECF9001A38AE /* AppDelegate.swift */,
				13B7C1AD2075ECF9001A38AE /* ViewController.swift */,
				13B7C1AF2075ECF9001A38AE /* Main.storyboard */,
				13B7C1B22075ECF9001A38AE /* Assets.xcassets */,
				13B7C1B42075ECF9001A38AE /* LaunchScreen.storyboard */,
				13B7C1B72075ECF9001A38AE /* Info.plist */,
			);
			path = Ailen_Animation_Time;
			sourceTree = "<group>";
		};
		13B7C1BD2075F18D001A38AE /* image */ = {
			isa = PBXGroup;
			children = (
				13B7C1C02075F1B4001A38AE /* frame1.png */,
				13B7C1BF2075F1B4001A38AE /* frame2.png */,
				13B7C1BE2075F1B4001A38AE /* frame3.png */,
				13B7C1C12075F1B5001A38AE /* frame4.png */,
				13B7C1C22075F1B5001A38AE /* frame5.png */,
			);
			path = image;
			sourceTree = "<group>";
		};
/* End PBXGroup section */

/* Begin PBXNativeTarget section */
		13B7C1A72075ECF9001A38AE /* Ailen_Animation_Time */ = {
			isa = PBXNativeTarget;
			buildConfigurationList = 13B7C1BA2075ECF9001A38AE /* Build configuration list for PBXNativeTarget "Ailen_Animation_Time" */;
			buildPhases = (
				13B7C1A42075ECF9001A38AE /* Sources */,
				13B7C1A52075ECF9001A38AE /* Frameworks */,
				13B7C1A62075ECF9001A38AE /* Resources */,
			);
			buildRules = (
			);
			dependencies = (
			);
			name = Ailen_Animation_Time;
			productName = Ailen_Animation_Time;
			productReference = 13B7C1A82075ECF9001A38AE /* Ailen_Animation_Time.app */;
			productType = "com.apple.product-type.application";
		};
/* End PBXNativeTarget section */

/* Begin PBXProject section */
		13B7C1A02075ECF9001A38AE /* Project object */ = {
			isa = PBXProject;
			attributes = {
				LastSwiftUpdateCheck = 0920;
				LastUpgradeCheck = 0920;
				ORGANIZATIONNAME = "정순우";
				TargetAttributes = {
					13B7C1A72075ECF9001A38AE = {
						CreatedOnToolsVersion = 9.2;
						ProvisioningStyle = Automatic;
					};
				};
			};
			buildConfigurationList = 13B7C1A32075ECF9001A38AE /* Build configuration list for PBXProject "Ailen_Animation_Time" */;
			compatibilityVersion = "Xcode 8.0";
			developmentRegion = en;
			hasScannedForEncodings = 0;
			knownRegions = (
				en,
				Base,
			);
			mainGroup = 13B7C19F2075ECF9001A38AE;
			productRefGroup = 13B7C1A92075ECF9001A38AE /* Products */;
			projectDirPath = "";
			projectRoot = "";
			targets = (
				13B7C1A72075ECF9001A38AE /* Ailen_Animation_Time */,
			);
		};
/* End PBXProject section */

/* Begin PBXResourcesBuildPhase section */
		13B7C1A62075ECF9001A38AE /* Resources */ = {
			isa = PBXResourcesBuildPhase;
			buildActionMask = 2147483647;
			files = (
				13B7C1C42075F1B5001A38AE /* frame2.png in Resources */,
				13B7C1B62075ECF9001A38AE /* LaunchScreen.storyboard in Resources */,
				13B7C1C62075F1B5001A38AE /* frame4.png in Resources */,
				13B7C1B32075ECF9001A38AE /* Assets.xcassets in Resources */,
				13B7C1C52075F1B5001A38AE /* frame1.png in Resources */,
				13B7C1C72075F1B5001A38AE /* frame5.png in Resources */,
				13B7C1B12075ECF9001A38AE /* Main.storyboard in Resources */,
				13B7C1C32075F1B5001A38AE /* frame3.png in Resources */,
			);
			runOnlyForDeploymentPostprocessing = 0;
		};
/* End PBXResourcesBuildPhase section */

/* Begin PBXSourcesBuildPhase section */
		13B7C1A42075ECF9001A38AE /* Sources */ = {
			isa = PBXSourcesBuildPhase;
			buildActionMask = 2147483647;
			files = (
				13B7C1AE2075ECF9001A38AE /* ViewController.swift in Sources */,
				13B7C1AC2075ECF9001A38AE /* AppDelegate.swift in Sources */,
			);
			runOnlyForDeploymentPostprocessing = 0;
		};
/* End PBXSourcesBuildPhase section */

/* Begin PBXVariantGroup section */
		13B7C1AF2075ECF9001A38AE /* Main.storyboard */ = {
			isa = PBXVariantGroup;
			children = (
				13B7C1B02075ECF9001A38AE /* Base */,
			);
			name = Main.storyboard;
			sourceTree = "<group>";
		};
		13B7C1B42075ECF9001A38AE /* LaunchScreen.storyboard */ = {
			isa = PBXVariantGroup;
			children = (
				13B7C1B52075ECF9001A38AE /* Base */,
			);
			name = LaunchScreen.storyboard;
			sourceTree = "<group>";
		};
/* End PBXVariantGroup section */

/* Begin XCBuildConfiguration section */
		13B7C1B82075ECF9001A38AE /* Debug */ = {
			isa = XCBuildConfiguration;
			buildSettings = {
				ALWAYS_SEARCH_USER_PATHS = NO;
				CLANG_ANALYZER_NONNULL = YES;
				CLANG_ANALYZER_NUMBER_OBJECT_CONVERSION = YES_AGGRESSIVE;
				CLANG_CXX_LANGUAGE_STANDARD = "gnu++14";
				CLANG_CXX_LIBRARY = "libc++";
				CLANG_ENABLE_MODULES = YES;
				CLANG_ENABLE_OBJC_ARC = YES;
				CLANG_WARN_BLOCK_CAPTURE_AUTORELEASING = YES;
				CLANG_WARN_BOOL_CONVERSION = YES;
				CLANG_WARN_COMMA = YES;
				CLANG_WARN_CONSTANT_CONVERSION = YES;
				CLANG_WARN_DIRECT_OBJC_ISA_USAGE = YES_ERROR;
				CLANG_WARN_DOCUMENTATION_COMMENTS = YES;
				CLANG_WARN_EMPTY_BODY = YES;
				CLANG_WARN_ENUM_CONVERSION = YES;
				CLANG_WARN_INFINITE_RECURSION = YES;
				CLANG_WARN_INT_CONVERSION = YES;
				CLANG_WARN_NON_LITERAL_NULL_CONVERSION = YES;
				CLANG_WARN_OBJC_LITERAL_CONVERSION = YES;
				CLANG_WARN_OBJC_ROOT_CLASS = YES_ERROR;
				CLANG_WARN_RANGE_LOOP_ANALYSIS = YES;
				CLANG_WARN_STRICT_PROTOTYPES = YES;
				CLANG_WARN_SUSPICIOUS_MOVE = YES;
				CLANG_WARN_UNGUARDED_AVAILABILITY = YES_AGGRESSIVE;
				CLANG_WARN_UNREACHABLE_CODE = YES;
				CLANG_WARN__DUPLICATE_METHOD_MATCH = YES;
				CODE_SIGN_IDENTITY = "iPhone Developer";
				COPY_PHASE_STRIP = NO;
				DEBUG_INFORMATION_FORMAT = dwarf;
				ENABLE_STRICT_OBJC_MSGSEND = YES;
				ENABLE_TESTABILITY = YES;
				GCC_C_LANGUAGE_STANDARD = gnu11;
				GCC_DYNAMIC_NO_PIC = NO;
				GCC_NO_COMMON_BLOCKS = YES;
				GCC_OPTIMIZATION_LEVEL = 0;
				GCC_PREPROCESSOR_DEFINITIONS = (
					"DEBUG=1",
					"$(inherited)",
				);
				GCC_WARN_64_TO_32_BIT_CONVERSION = YES;
				GCC_WARN_ABOUT_RETURN_TYPE = YES_ERROR;
				GCC_WARN_UNDECLARED_SELECTOR = YES;
				GCC_WARN_UNINITIALIZED_AUTOS = YES_AGGRESSIVE;
				GCC_WARN_UNUSED_FUNCTION = YES;
				GCC_WARN_UNUSED_VARIABLE = YES;
				IPHONEOS_DEPLOYMENT_TARGET = 11.2;
				MTL_ENABLE_DEBUG_INFO = YES;
				ONLY_ACTIVE_ARCH = YES;
				SDKROOT = iphoneos;
				SWIFT_ACTIVE_COMPILATION_CONDITIONS = DEBUG;
				SWIFT_OPTIMIZATION_LEVEL = "-Onone";
			};
			name = Debug;
		};
		13B7C1B92075ECF9001A38AE /* Release */ = {
			isa = XCBuildConfiguration;
			buildSettings = {
				ALWAYS_SEARCH_USER_PATHS = NO;
				CLANG_ANALYZER_NONNULL = YES;
				CLANG_ANALYZER_NUMBER_OBJECT_CONVERSION = YES_AGGRESSIVE;
				CLANG_CXX_LANGUAGE_STANDARD = "gnu++14";
				CLANG_CXX_LIBRARY = "libc++";
				CLANG_ENABLE_MODULES = YES;
				CLANG_ENABLE_OBJC_ARC = YES;
				CLANG_WARN_BLOCK_CAPTURE_AUTORELEASING = YES;
				CLANG_WARN_BOOL_CONVERSION = YES;
				CLANG_WARN_COMMA = YES;
				CLANG_WARN_CONSTANT_CONVERSION = YES;
				CLANG_WARN_DIRECT_OBJC_ISA_USAGE = YES_ERROR;
				CLANG_WARN_DOCUMENTATION_COMMENTS = YES;
				CLANG_WARN_EMPTY_BODY = YES;
				CLANG_WARN_ENUM_CONVERSION = YES;
				CLANG_WARN_INFINITE_RECURSION = YES;
				CLANG_WARN_INT_CONVERSION = YES;
				CLANG_WARN_NON_LITERAL_NULL_CONVERSION = YES;
				CLANG_WARN_OBJC_LITERAL_CONVERSION = YES;
				CLANG_WARN_OBJC_ROOT_CLASS = YES_ERROR;
				CLANG_WARN_RANGE_LOOP_ANALYSIS = YES;
				CLANG_WARN_STRICT_PROTOTYPES = YES;
				CLANG_WARN_SUSPICIOUS_MOVE = YES;
				CLANG_WARN_UNGUARDED_AVAILABILITY = YES_AGGRESSIVE;
				CLANG_WARN_UNREACHABLE_CODE = YES;
				CLANG_WARN__DUPLICATE_METHOD_MATCH = YES;
				CODE_SIGN_IDENTITY = "iPhone Developer";
				COPY_PHASE_STRIP = NO;
				DEBUG_INFORMATION_FORMAT = "dwarf-with-dsym";
				ENABLE_NS_ASSERTIONS = NO;
				ENABLE_STRICT_OBJC_MSGSEND = YES;
				GCC_C_LANGUAGE_STANDARD = gnu11;
				GCC_NO_COMMON_BLOCKS = YES;
				GCC_WARN_64_TO_32_BIT_CONVERSION = YES;
				GCC_WARN_ABOUT_RETURN_TYPE = YES_ERROR;
				GCC_WARN_UNDECLARED_SELECTOR = YES;
				GCC_WARN_UNINITIALIZED_AUTOS = YES_AGGRESSIVE;
				GCC_WARN_UNUSED_FUNCTION = YES;
				GCC_WARN_UNUSED_VARIABLE = YES;
				IPHONEOS_DEPLOYMENT_TARGET = 11.2;
				MTL_ENABLE_DEBUG_INFO = NO;
				SDKROOT = iphoneos;
				SWIFT_OPTIMIZATION_LEVEL = "-Owholemodule";
				VALIDATE_PRODUCT = YES;
			};
			name = Release;
		};
		13B7C1BB2075ECF9001A38AE /* Debug */ = {
			isa = XCBuildConfiguration;
			buildSettings = {
				ASSETCATALOG_COMPILER_APPICON_NAME = AppIcon;
				CODE_SIGN_STYLE = Automatic;
				DEVELOPMENT_TEAM = 4KDBY4SB86;
				INFOPLIST_FILE = Ailen_Animation_Time/Info.plist;
				LD_RUNPATH_SEARCH_PATHS = "$(inherited) @executable_path/Frameworks";
				PRODUCT_BUNDLE_IDENTIFIER = "JSW.Ailen-Animation-Time";
				PRODUCT_NAME = "$(TARGET_NAME)";
				SWIFT_VERSION = 4.0;
				TARGETED_DEVICE_FAMILY = "1,2";
			};
			name = Debug;
		};
		13B7C1BC2075ECF9001A38AE /* Release */ = {
			isa = XCBuildConfiguration;
			buildSettings = {
				ASSETCATALOG_COMPILER_APPICON_NAME = AppIcon;
				CODE_SIGN_STYLE = Automatic;
				DEVELOPMENT_TEAM = 4KDBY4SB86;
				INFOPLIST_FILE = Ailen_Animation_Time/Info.plist;
				LD_RUNPATH_SEARCH_PATHS = "$(inherited) @executable_path/Frameworks";
				PRODUCT_BUNDLE_IDENTIFIER = "JSW.Ailen-Animation-Time";
				PRODUCT_NAME = "$(TARGET_NAME)";
				SWIFT_VERSION = 4.0;
				TARGETED_DEVICE_FAMILY = "1,2";
			};
			name = Release;
		};
/* End XCBuildConfiguration section */

/* Begin XCConfigurationList section */
		13B7C1A32075ECF9001A38AE /* Build configuration list for PBXProject "Ailen_Animation_Time" */ = {
			isa = XCConfigurationList;
			buildConfigurations = (
				13B7C1B82075ECF9001A38AE /* Debug */,
				13B7C1B92075ECF9001A38AE /* Release */,
			);
			defaultConfigurationIsVisible = 0;
			defaultConfigurationName = Release;
		};
		13B7C1BA2075ECF9001A38AE /* Build configuration list for PBXNativeTarget "Ailen_Animation_Time" */ = {
			isa = XCConfigurationList;
			buildConfigurations = (
				13B7C1BB2075ECF9001A38AE /* Debug */,
				13B7C1BC2075ECF9001A38AE /* Release */,
			);
			defaultConfigurationIsVisible = 0;
			defaultConfigurationName = Release;
		};
/* End XCConfigurationList section */
	};
	rootObject = 13B7C1A02075ECF9001A38AE /* Project object */;
}
